
Microsoft Visual Studio Solution File, Format Version 12.00
# Visual Studio 15
VisualStudioVersion = 15.0.27130.2026
MinimumVisualStudioVersion = 10.0.40219.1
Project("{9A19103F-16F7-4668-BE54-9A1E7A4F7556}") = "GrpcService", "src\GrpcQueryService\GrpcService.csproj", "{347D03F7-2E41-401D-B220-1E91E2FBF907}"
EndProject
Project("{9A19103F-16F7-4668-BE54-9A1E7A4F7556}") = "Grpc.Contracts", "src\GrpcQueryService.Contract\Grpc.Contracts.csproj", "{13314898-80D1-4264-9D07-DA1596D2398C}"
EndProject
Project("{9A19103F-16F7-4668-BE54-9A1E7A4F7556}") = "ServiceTests", "tests\GrpcServiceTests\ServiceTests.csproj", "{BE997CE3-254B-44D2-AF84-3AD6319261D7}"
EndProject
Project("{FAE04EC0-301F-11D3-BF4B-00C04F79EFBC}") = "RestService", "RestService\RestService.csproj", "{FCA14D54-7FE4-4344-896A-184664AEA7F1}"
EndProject
Project("{2150E333-8FDC-42A3-9474-1A3956D46DE8}") = "Grpc", "Grpc", "{45A4416C-956E-4EE2-9448-93E31EF519A9}"
EndProject
Project("{2150E333-8FDC-42A3-9474-1A3956D46DE8}") = "Rest", "Rest", "{F7DEAD5B-4698-4638-9C16-18CDC68AAEF3}"
EndProject
Project("{FAE04EC0-301F-11D3-BF4B-00C04F79EFBC}") = "Rest.Contracts", "Rest.Contracts\Rest.Contracts.csproj", "{9EC5F5A3-7290-4F52-96FB-A80E024936B0}"
EndProject
Global
	GlobalSection(SolutionConfigurationPlatforms) = preSolution
		Debug|Any CPU = Debug|Any CPU
		Release|Any CPU = Release|Any CPU
	EndGlobalSection
	GlobalSection(ProjectConfigurationPlatforms) = postSolution
		{347D03F7-2E41-401D-B220-1E91E2FBF907}.Debug|Any CPU.ActiveCfg = Debug|Any CPU
		{347D03F7-2E41-401D-B220-1E91E2FBF907}.Debug|Any CPU.Build.0 = Debug|Any CPU
		{347D03F7-2E41-401D-B220-1E91E2FBF907}.Release|Any CPU.ActiveCfg = Release|Any CPU
		{347D03F7-2E41-401D-B220-1E91E2FBF907}.Release|Any CPU.Build.0 = Release|Any CPU
		{13314898-80D1-4264-9D07-DA1596D2398C}.Debug|Any CPU.ActiveCfg = Debug|Any CPU
		{13314898-80D1-4264-9D07-DA1596D2398C}.Debug|Any CPU.Build.0 = Debug|Any CPU
		{13314898-80D1-4264-9D07-DA1596D2398C}.Release|Any CPU.ActiveCfg = Release|Any CPU
		{13314898-80D1-4264-9D07-DA1596D2398C}.Release|Any CPU.Build.0 = Release|Any CPU
		{BE997CE3-254B-44D2-AF84-3AD6319261D7}.Debug|Any CPU.ActiveCfg = Debug|Any CPU
		{BE997CE3-254B-44D2-AF84-3AD6319261D7}.Debug|Any CPU.Build.0 = Debug|Any CPU
		{BE997CE3-254B-44D2-AF84-3AD6319261D7}.Release|Any CPU.ActiveCfg = Release|Any CPU
		{BE997CE3-254B-44D2-AF84-3AD6319261D7}.Release|Any CPU.Build.0 = Release|Any CPU
		{FCA14D54-7FE4-4344-896A-184664AEA7F1}.Debug|Any CPU.ActiveCfg = Debug|Any CPU
		{FCA14D54-7FE4-4344-896A-184664AEA7F1}.Debug|Any CPU.Build.0 = Debug|Any CPU
		{FCA14D54-7FE4-4344-896A-184664AEA7F1}.Release|Any CPU.ActiveCfg = Release|Any CPU
		{FCA14D54-7FE4-4344-896A-184664AEA7F1}.Release|Any CPU.Build.0 = Release|Any CPU
		{9EC5F5A3-7290-4F52-96FB-A80E024936B0}.Debug|Any CPU.ActiveCfg = Debug|Any CPU
		{9EC5F5A3-7290-4F52-96FB-A80E024936B0}.Debug|Any CPU.Build.0 = Debug|Any CPU
		{9EC5F5A3-7290-4F52-96FB-A80E024936B0}.Release|Any CPU.ActiveCfg = Release|Any CPU
		{9EC5F5A3-7290-4F52-96FB-A80E024936B0}.Release|Any CPU.Build.0 = Release|Any CPU
	EndGlobalSection
	GlobalSection(SolutionProperties) = preSolution
		HideSolutionNode = FALSE
	EndGlobalSection
	GlobalSection(NestedProjects) = preSolution
		{347D03F7-2E41-401D-B220-1E91E2FBF907} = {45A4416C-956E-4EE2-9448-93E31EF519A9}
		{13314898-80D1-4264-9D07-DA1596D2398C} = {45A4416C-956E-4EE2-9448-93E31EF519A9}
		{FCA14D54-7FE4-4344-896A-184664AEA7F1} = {F7DEAD5B-4698-4638-9C16-18CDC68AAEF3}
		{9EC5F5A3-7290-4F52-96FB-A80E024936B0} = {F7DEAD5B-4698-4638-9C16-18CDC68AAEF3}
	EndGlobalSection
	GlobalSection(ExtensibilityGlobals) = postSolution
		SolutionGuid = {F27CFEB7-22C8-4097-B06B-34402C82B144}
	EndGlobalSection
EndGlobal
